
Microsoft Visual Studio Solution File, Format Version 12.00
# Visual Studio Version 17
VisualStudioVersion = 17.5.33627.172
MinimumVisualStudioVersion = 10.0.40219.1
Project("{FAE04EC0-301F-11D3-BF4B-00C04F79EFBC}") = "PetAmigoMVC", "PetAmigoMVC.csproj", "{3BBBD31B-5F70-498F-A8B5-934321CA945E}"
EndProject
Global
	GlobalSection(SolutionConfigurationPlatforms) = preSolution
		Debug|Any CPU = Debug|Any CPU
		Release|Any CPU = Release|Any CPU
	EndGlobalSection
	GlobalSection(ProjectConfigurationPlatforms) = postSolution
		{3BBBD31B-5F70-498F-A8B5-934321CA945E}.Debug|Any CPU.ActiveCfg = Debug|Any CPU
		{3BBBD31B-5F70-498F-A8B5-934321CA945E}.Debug|Any CPU.Build.0 = Debug|Any CPU
		{3BBBD31B-5F70-498F-A8B5-934321CA945E}.Release|Any CPU.ActiveCfg = Release|Any CPU
		{3BBBD31B-5F70-498F-A8B5-934321CA945E}.Release|Any CPU.Build.0 = Release|Any CPU
	EndGlobalSection
	GlobalSection(SolutionProperties) = preSolution
		HideSolutionNode = FALSE
	EndGlobalSection
	GlobalSection(ExtensibilityGlobals) = postSolution
		SolutionGuid = {35F33184-3A67-4BCF-BAC7-D81ED9FA65AC}
	EndGlobalSection
EndGlobal
